{
  "name": "esphome-web",
  "version": "0.0.1",
  "lockfileVersion": 3,
  "requires": true,
  "packages": {
    "": {
      "name": "esphome-web",
      "version": "0.0.1",
      "license": "MIT",
      "devDependencies": {
        "flow-bin": "^0.219.3"
      }
    },
    "node_modules/flow-bin": {
      "version": "0.219.3",
      "resolved": "https://registry.npmjs.org/flow-bin/-/flow-bin-0.219.3.tgz",
      "integrity": "sha512-5O+G8pXqu0UClXLhTj2g/ZdNCQo4odYKs/6VHCnhOcvATrJIJcOJuW7WgjXMsGuV4aVeBmeFO93isE4cop9K/Q==",
      "dev": true,
      "bin": {
        "flow": "cli.js"
      },
      "engines": {
        "node": ">=0.10.0"
      }
    }
  }
}
